{
  "requires": true,
  "lockfileVersion": 1,
  "dependencies": {
    "attr-accept": {
      "version": "1.1.3",
      "resolved": "https://registry.npmjs.org/attr-accept/-/attr-accept-1.1.3.tgz",
      "integrity": "sha512-iT40nudw8zmCweivz6j58g+RT33I4KbaIvRUhjNmDwO2WmsQUxFEZZYZ5w3vXe5x5MX9D7mfvA/XaLOZYFR9EQ==",
      "requires": {
        "core-js": "^2.5.0"
      },
      "dependencies": {
        "core-js": {
          "version": "2.5.7",
          "resolved": "https://registry.npmjs.org/core-js/-/core-js-2.5.7.tgz",
          "integrity": "sha512-RszJCAxg/PP6uzXVXL6BsxSXx/B05oJAQ2vkJRjyjrEcNVycaqOmNb5OTxZPE3xa5gwZduqza6L9JOCenh/Ecw=="
        }
      }
    },
    "filepond": {
      "version": "3.3.2",
      "resolved": "https://registry.npmjs.org/filepond/-/filepond-3.3.2.tgz",
      "integrity": "sha512-sbortG+oM5Nc1DI4QPPm4ngZfk2NmWtUzWsRltVlVlm9rM8OIkMdaKU09EUe1GXhf7kO7ls8O1KhR9d6oi9k+g=="
    },
    "filepond-plugin-file-encode": {
      "version": "2.0.0",
      "resolved": "https://registry.npmjs.org/filepond-plugin-file-encode/-/filepond-plugin-file-encode-2.0.0.tgz",
      "integrity": "sha512-B2S5gWUg/ZALHAvZksVqIqLI2VEi+3fReN+puhtjwvvXc6A7p2pZ+n/hLq7FuESh27n8/Eq3CNQ1KFtiKcRZyg=="
    },
    "filepond-plugin-image-exif-orientation": {
      "version": "1.0.3",
      "resolved": "https://registry.npmjs.org/filepond-plugin-image-exif-orientation/-/filepond-plugin-image-exif-orientation-1.0.3.tgz",
      "integrity": "sha512-eg0OTny+fsF21x3FnWRrZjDG50iMFFnl8uVKW9MpG+tggBqpp/G7LreO7/gHyPLaiMNO+TX+ANMF51lw6OlNrQ=="
    },
    "filepond-plugin-image-preview": {
      "version": "3.1.4",
      "resolved": "https://registry.npmjs.org/filepond-plugin-image-preview/-/filepond-plugin-image-preview-3.1.4.tgz",
      "integrity": "sha512-IGH8ZFY28ulpEVbukZMFbzfxS9fTw/YlmIJ33tHNKjzXFBMzJmioSVr6EGy6sz4X7HQF2vlAoiE+wiFIQarPXQ=="
    },
    "react-filepond": {
      "version": "5.0.0",
      "resolved": "https://registry.npmjs.org/react-filepond/-/react-filepond-5.0.0.tgz",
      "integrity": "sha512-RmX2t3WHUGDA/x7F1I4HTMBFnJMrHNAC0UEKc7B7Mh2BrhWgyMmEmndxz/0BgrtdQ5dUfgKu1b2dJfA2ClRB7w=="
    },
    "undefined": {
      "version": "0.1.0",
      "resolved": "https://registry.npmjs.org/undefined/-/undefined-0.1.0.tgz",
      "integrity": "sha1-m3BqSzKtMMIMpP5l3cu72sMr3tA="
    }
  }
}
